// !$*UTF8*$!
{
	archiveVersion = 1;
	classes = {
	};
	objectVersion = 56;
	objects = {

/* Begin PBXBuildFile section */
		A2228E6729E0CFFC005E6E98 /* LocationHeader.swift in Sources */ = {isa = PBXBuildFile; fileRef = A2228E6529E0CFFC005E6E98 /* LocationHeader.swift */; };
		A2228E6829E0CFFC005E6E98 /* LocationHeader.xib in Resources */ = {isa = PBXBuildFile; fileRef = A2228E6629E0CFFC005E6E98 /* LocationHeader.xib */; };
		A2228E6A29E0D77D005E6E98 /* LocationViewModel.swift in Sources */ = {isa = PBXBuildFile; fileRef = A2228E6929E0D77D005E6E98 /* LocationViewModel.swift */; };
		A2228E6D29E0E218005E6E98 /* LocationCollectionViewCell.swift in Sources */ = {isa = PBXBuildFile; fileRef = A2228E6B29E0E218005E6E98 /* LocationCollectionViewCell.swift */; };
		A2228E6E29E0E218005E6E98 /* LocationCollectionViewCell.xib in Resources */ = {isa = PBXBuildFile; fileRef = A2228E6C29E0E218005E6E98 /* LocationCollectionViewCell.xib */; };
		A2228E7029E0E50E005E6E98 /* Location.swift in Sources */ = {isa = PBXBuildFile; fileRef = A2228E6F29E0E50E005E6E98 /* Location.swift */; };
		A2228E7229E0EA86005E6E98 /* Info.swift in Sources */ = {isa = PBXBuildFile; fileRef = A2228E7129E0EA86005E6E98 /* Info.swift */; };
		A253AC6C29E1ADFB009716E2 /* CharacterDetailsViewModel.swift in Sources */ = {isa = PBXBuildFile; fileRef = A253AC6B29E1ADFB009716E2 /* CharacterDetailsViewModel.swift */; };
		A253AC6E29E1AE13009716E2 /* CharacterDetailsViewController.swift in Sources */ = {isa = PBXBuildFile; fileRef = A253AC6D29E1AE13009716E2 /* CharacterDetailsViewController.swift */; };
		A253AC7029E1AE35009716E2 /* CharacterDetailsCoordinator.swift in Sources */ = {isa = PBXBuildFile; fileRef = A253AC6F29E1AE35009716E2 /* CharacterDetailsCoordinator.swift */; };
		A2C1B85F29E0293C002CEDFE /* AppDelegate.swift in Sources */ = {isa = PBXBuildFile; fileRef = A2C1B85E29E0293C002CEDFE /* AppDelegate.swift */; };
		A2C1B86129E0293C002CEDFE /* SceneDelegate.swift in Sources */ = {isa = PBXBuildFile; fileRef = A2C1B86029E0293C002CEDFE /* SceneDelegate.swift */; };
		A2C1B86629E0293C002CEDFE /* Main.storyboard in Resources */ = {isa = PBXBuildFile; fileRef = A2C1B86429E0293C002CEDFE /* Main.storyboard */; };
		A2C1B86829E0293D002CEDFE /* Assets.xcassets in Resources */ = {isa = PBXBuildFile; fileRef = A2C1B86729E0293D002CEDFE /* Assets.xcassets */; };
		A2C1B86B29E0293D002CEDFE /* LaunchScreen.storyboard in Resources */ = {isa = PBXBuildFile; fileRef = A2C1B86929E0293D002CEDFE /* LaunchScreen.storyboard */; };
		A2C1B87A29E02E1D002CEDFE /* Coordinator.swift in Sources */ = {isa = PBXBuildFile; fileRef = A2C1B87929E02E1D002CEDFE /* Coordinator.swift */; };
		A2C1B87C29E02E29002CEDFE /* Storyboarded.swift in Sources */ = {isa = PBXBuildFile; fileRef = A2C1B87B29E02E29002CEDFE /* Storyboarded.swift */; };
		A2C1B87F29E02E66002CEDFE /* NetworkHelper.swift in Sources */ = {isa = PBXBuildFile; fileRef = A2C1B87E29E02E66002CEDFE /* NetworkHelper.swift */; };
		A2C1B88129E02EBA002CEDFE /* NetworkManager.swift in Sources */ = {isa = PBXBuildFile; fileRef = A2C1B88029E02EBA002CEDFE /* NetworkManager.swift */; };
		A2C1B88329E02F67002CEDFE /* HomeCoordinator.swift in Sources */ = {isa = PBXBuildFile; fileRef = A2C1B88229E02F67002CEDFE /* HomeCoordinator.swift */; };
		A2CEA94429E056CC00A8D180 /* CharacterCollectionViewCell.swift in Sources */ = {isa = PBXBuildFile; fileRef = A2CEA94229E056CC00A8D180 /* CharacterCollectionViewCell.swift */; };
		A2CEA94529E056CC00A8D180 /* CharacterCollectionViewCell.xib in Resources */ = {isa = PBXBuildFile; fileRef = A2CEA94329E056CC00A8D180 /* CharacterCollectionViewCell.xib */; };
		A2CEA94829E05ADE00A8D180 /* HomeViewModel.swift in Sources */ = {isa = PBXBuildFile; fileRef = A2CEA94729E05ADE00A8D180 /* HomeViewModel.swift */; };
		A2CEA94A29E05BB800A8D180 /* UICollectionView+Extension.swift in Sources */ = {isa = PBXBuildFile; fileRef = A2CEA94929E05BB800A8D180 /* UICollectionView+Extension.swift */; };
		A2CEA94D29E0600E00A8D180 /* HomeHelper.swift in Sources */ = {isa = PBXBuildFile; fileRef = A2CEA94C29E0600E00A8D180 /* HomeHelper.swift */; };
		A2CEA94F29E060DA00A8D180 /* HomeManager.swift in Sources */ = {isa = PBXBuildFile; fileRef = A2CEA94E29E060DA00A8D180 /* HomeManager.swift */; };
		A2CEA95129E0AD0900A8D180 /* UIImageView+Extension.swift in Sources */ = {isa = PBXBuildFile; fileRef = A2CEA95029E0AD0900A8D180 /* UIImageView+Extension.swift */; };
		A2F2B66629E034F50074447C /* HomeViewController.swift in Sources */ = {isa = PBXBuildFile; fileRef = A2F2B66529E034F50074447C /* HomeViewController.swift */; };
		A2F2B66929E0374E0074447C /* Character.swift in Sources */ = {isa = PBXBuildFile; fileRef = A2F2B66829E0374E0074447C /* Character.swift */; };
		A2F2B67929E042700074447C /* NibReuseProtocol.swift in Sources */ = {isa = PBXBuildFile; fileRef = A2F2B67829E042700074447C /* NibReuseProtocol.swift */; };
/* End PBXBuildFile section */

/* Begin PBXFileReference section */
		A2228E6529E0CFFC005E6E98 /* LocationHeader.swift */ = {isa = PBXFileReference; lastKnownFileType = sourcecode.swift; path = LocationHeader.swift; sourceTree = "<group>"; };
		A2228E6629E0CFFC005E6E98 /* LocationHeader.xib */ = {isa = PBXFileReference; lastKnownFileType = file.xib; path = LocationHeader.xib; sourceTree = "<group>"; };
		A2228E6929E0D77D005E6E98 /* LocationViewModel.swift */ = {isa = PBXFileReference; lastKnownFileType = sourcecode.swift; path = LocationViewModel.swift; sourceTree = "<group>"; };
		A2228E6B29E0E218005E6E98 /* LocationCollectionViewCell.swift */ = {isa = PBXFileReference; lastKnownFileType = sourcecode.swift; path = LocationCollectionViewCell.swift; sourceTree = "<group>"; };
		A2228E6C29E0E218005E6E98 /* LocationCollectionViewCell.xib */ = {isa = PBXFileReference; lastKnownFileType = file.xib; path = LocationCollectionViewCell.xib; sourceTree = "<group>"; };
		A2228E6F29E0E50E005E6E98 /* Location.swift */ = {isa = PBXFileReference; lastKnownFileType = sourcecode.swift; path = Location.swift; sourceTree = "<group>"; };
		A2228E7129E0EA86005E6E98 /* Info.swift */ = {isa = PBXFileReference; lastKnownFileType = sourcecode.swift; path = Info.swift; sourceTree = "<group>"; };
		A253AC6B29E1ADFB009716E2 /* CharacterDetailsViewModel.swift */ = {isa = PBXFileReference; lastKnownFileType = sourcecode.swift; path = CharacterDetailsViewModel.swift; sourceTree = "<group>"; };
		A253AC6D29E1AE13009716E2 /* CharacterDetailsViewController.swift */ = {isa = PBXFileReference; lastKnownFileType = sourcecode.swift; path = CharacterDetailsViewController.swift; sourceTree = "<group>"; };
		A253AC6F29E1AE35009716E2 /* CharacterDetailsCoordinator.swift */ = {isa = PBXFileReference; lastKnownFileType = sourcecode.swift; path = CharacterDetailsCoordinator.swift; sourceTree = "<group>"; };
		A2C1B85B29E0293C002CEDFE /* RickAndMortyApp.app */ = {isa = PBXFileReference; explicitFileType = wrapper.application; includeInIndex = 0; path = RickAndMortyApp.app; sourceTree = BUILT_PRODUCTS_DIR; };
		A2C1B85E29E0293C002CEDFE /* AppDelegate.swift */ = {isa = PBXFileReference; lastKnownFileType = sourcecode.swift; path = AppDelegate.swift; sourceTree = "<group>"; };
		A2C1B86029E0293C002CEDFE /* SceneDelegate.swift */ = {isa = PBXFileReference; lastKnownFileType = sourcecode.swift; path = SceneDelegate.swift; sourceTree = "<group>"; };
		A2C1B86529E0293C002CEDFE /* Base */ = {isa = PBXFileReference; lastKnownFileType = file.storyboard; name = Base; path = Base.lproj/Main.storyboard; sourceTree = "<group>"; };
		A2C1B86729E0293D002CEDFE /* Assets.xcassets */ = {isa = PBXFileReference; lastKnownFileType = folder.assetcatalog; path = Assets.xcassets; sourceTree = "<group>"; };
		A2C1B86A29E0293D002CEDFE /* Base */ = {isa = PBXFileReference; lastKnownFileType = file.storyboard; name = Base; path = Base.lproj/LaunchScreen.storyboard; sourceTree = "<group>"; };
		A2C1B86C29E0293D002CEDFE /* Info.plist */ = {isa = PBXFileReference; lastKnownFileType = text.plist.xml; path = Info.plist; sourceTree = "<group>"; };
		A2C1B87929E02E1D002CEDFE /* Coordinator.swift */ = {isa = PBXFileReference; lastKnownFileType = sourcecode.swift; path = Coordinator.swift; sourceTree = "<group>"; };
		A2C1B87B29E02E29002CEDFE /* Storyboarded.swift */ = {isa = PBXFileReference; lastKnownFileType = sourcecode.swift; path = Storyboarded.swift; sourceTree = "<group>"; };
		A2C1B87E29E02E66002CEDFE /* NetworkHelper.swift */ = {isa = PBXFileReference; lastKnownFileType = sourcecode.swift; path = NetworkHelper.swift; sourceTree = "<group>"; };
		A2C1B88029E02EBA002CEDFE /* NetworkManager.swift */ = {isa = PBXFileReference; lastKnownFileType = sourcecode.swift; path = NetworkManager.swift; sourceTree = "<group>"; };
		A2C1B88229E02F67002CEDFE /* HomeCoordinator.swift */ = {isa = PBXFileReference; lastKnownFileType = sourcecode.swift; path = HomeCoordinator.swift; sourceTree = "<group>"; };
		A2CEA94229E056CC00A8D180 /* CharacterCollectionViewCell.swift */ = {isa = PBXFileReference; lastKnownFileType = sourcecode.swift; path = CharacterCollectionViewCell.swift; sourceTree = "<group>"; };
		A2CEA94329E056CC00A8D180 /* CharacterCollectionViewCell.xib */ = {isa = PBXFileReference; lastKnownFileType = file.xib; path = CharacterCollectionViewCell.xib; sourceTree = "<group>"; };
		A2CEA94729E05ADE00A8D180 /* HomeViewModel.swift */ = {isa = PBXFileReference; lastKnownFileType = sourcecode.swift; path = HomeViewModel.swift; sourceTree = "<group>"; };
		A2CEA94929E05BB800A8D180 /* UICollectionView+Extension.swift */ = {isa = PBXFileReference; lastKnownFileType = sourcecode.swift; path = "UICollectionView+Extension.swift"; sourceTree = "<group>"; };
		A2CEA94C29E0600E00A8D180 /* HomeHelper.swift */ = {isa = PBXFileReference; lastKnownFileType = sourcecode.swift; path = HomeHelper.swift; sourceTree = "<group>"; };
		A2CEA94E29E060DA00A8D180 /* HomeManager.swift */ = {isa = PBXFileReference; lastKnownFileType = sourcecode.swift; path = HomeManager.swift; sourceTree = "<group>"; };
		A2CEA95029E0AD0900A8D180 /* UIImageView+Extension.swift */ = {isa = PBXFileReference; lastKnownFileType = sourcecode.swift; path = "UIImageView+Extension.swift"; sourceTree = "<group>"; };
		A2F2B66529E034F50074447C /* HomeViewController.swift */ = {isa = PBXFileReference; lastKnownFileType = sourcecode.swift; path = HomeViewController.swift; sourceTree = "<group>"; };
		A2F2B66829E0374E0074447C /* Character.swift */ = {isa = PBXFileReference; lastKnownFileType = sourcecode.swift; path = Character.swift; sourceTree = "<group>"; };
		A2F2B67829E042700074447C /* NibReuseProtocol.swift */ = {isa = PBXFileReference; lastKnownFileType = sourcecode.swift; path = NibReuseProtocol.swift; sourceTree = "<group>"; };
/* End PBXFileReference section */

/* Begin PBXFrameworksBuildPhase section */
		A2C1B85829E0293C002CEDFE /* Frameworks */ = {
			isa = PBXFrameworksBuildPhase;
			buildActionMask = 2147483647;
			files = (
			);
			runOnlyForDeploymentPostprocessing = 0;
		};
/* End PBXFrameworksBuildPhase section */

/* Begin PBXGroup section */
		A2228E6429E0CFA2005E6E98 /* Header */ = {
			isa = PBXGroup;
			children = (
				A2228E6529E0CFFC005E6E98 /* LocationHeader.swift */,
				A2228E6629E0CFFC005E6E98 /* LocationHeader.xib */,
			);
			path = Header;
			sourceTree = "<group>";
		};
		A253AC6829E1AD8A009716E2 /* CharacterDetails */ = {
			isa = PBXGroup;
			children = (
				A253AC6F29E1AE35009716E2 /* CharacterDetailsCoordinator.swift */,
				A253AC6929E1ADCA009716E2 /* View */,
				A253AC6A29E1ADD2009716E2 /* ViewModel */,
			);
			path = CharacterDetails;
			sourceTree = "<group>";
		};
		A253AC6929E1ADCA009716E2 /* View */ = {
			isa = PBXGroup;
			children = (
				A253AC6D29E1AE13009716E2 /* CharacterDetailsViewController.swift */,
			);
			path = View;
			sourceTree = "<group>";
		};
		A253AC6A29E1ADD2009716E2 /* ViewModel */ = {
			isa = PBXGroup;
			children = (
				A253AC6B29E1ADFB009716E2 /* CharacterDetailsViewModel.swift */,
			);
			path = ViewModel;
			sourceTree = "<group>";
		};
		A2C1B85229E0293C002CEDFE = {
			isa = PBXGroup;
			children = (
				A2C1B85D29E0293C002CEDFE /* RickAndMortyApp */,
				A2C1B85C29E0293C002CEDFE /* Products */,
			);
			sourceTree = "<group>";
		};
		A2C1B85C29E0293C002CEDFE /* Products */ = {
			isa = PBXGroup;
			children = (
				A2C1B85B29E0293C002CEDFE /* RickAndMortyApp.app */,
			);
			name = Products;
			sourceTree = "<group>";
		};
		A2C1B85D29E0293C002CEDFE /* RickAndMortyApp */ = {
			isa = PBXGroup;
			children = (
				A2C1B87429E02CF1002CEDFE /* App */,
				A2C1B87729E02DD1002CEDFE /* Coordinator */,
				A2C1B87629E02DAD002CEDFE /* Network */,
				A2F2B67429E041D90074447C /* Util */,
				A2C1B87529E02DA6002CEDFE /* Scene */,
				A2C1B86729E0293D002CEDFE /* Assets.xcassets */,
				A2C1B86C29E0293D002CEDFE /* Info.plist */,
			);
			path = RickAndMortyApp;
			sourceTree = "<group>";
		};
		A2C1B87429E02CF1002CEDFE /* App */ = {
			isa = PBXGroup;
			children = (
				A2C1B85E29E0293C002CEDFE /* AppDelegate.swift */,
				A2C1B86029E0293C002CEDFE /* SceneDelegate.swift */,
			);
			path = App;
			sourceTree = "<group>";
		};
		A2C1B87529E02DA6002CEDFE /* Scene */ = {
			isa = PBXGroup;
			children = (
				A2C1B86429E0293C002CEDFE /* Main.storyboard */,
				A2C1B86929E0293D002CEDFE /* LaunchScreen.storyboard */,
				A253AC6829E1AD8A009716E2 /* CharacterDetails */,
				A2C1B87829E02DFD002CEDFE /* Home */,
			);
			path = Scene;
			sourceTree = "<group>";
		};
		A2C1B87629E02DAD002CEDFE /* Network */ = {
			isa = PBXGroup;
			children = (
				A2C1B87D29E02E57002CEDFE /* Core */,
				A2CEA94B29E0600300A8D180 /* Home */,
			);
			path = Network;
			sourceTree = "<group>";
		};
		A2C1B87729E02DD1002CEDFE /* Coordinator */ = {
			isa = PBXGroup;
			children = (
				A2C1B87929E02E1D002CEDFE /* Coordinator.swift */,
				A2C1B87B29E02E29002CEDFE /* Storyboarded.swift */,
			);
			path = Coordinator;
			sourceTree = "<group>";
		};
		A2C1B87829E02DFD002CEDFE /* Home */ = {
			isa = PBXGroup;
			children = (
				A2C1B88229E02F67002CEDFE /* HomeCoordinator.swift */,
				A2F2B66729E0373C0074447C /* Model */,
				A2F2B65F29E033B80074447C /* View */,
				A2CEA94629E05AC200A8D180 /* ViewModel */,
			);
			path = Home;
			sourceTree = "<group>";
		};
		A2C1B87D29E02E57002CEDFE /* Core */ = {
			isa = PBXGroup;
			children = (
				A2C1B88029E02EBA002CEDFE /* NetworkManager.swift */,
				A2C1B87E29E02E66002CEDFE /* NetworkHelper.swift */,
			);
			path = Core;
			sourceTree = "<group>";
		};
		A2CEA94629E05AC200A8D180 /* ViewModel */ = {
			isa = PBXGroup;
			children = (
				A2CEA94729E05ADE00A8D180 /* HomeViewModel.swift */,
				A2228E6929E0D77D005E6E98 /* LocationViewModel.swift */,
			);
			path = ViewModel;
			sourceTree = "<group>";
		};
		A2CEA94B29E0600300A8D180 /* Home */ = {
			isa = PBXGroup;
			children = (
				A2CEA94E29E060DA00A8D180 /* HomeManager.swift */,
				A2CEA94C29E0600E00A8D180 /* HomeHelper.swift */,
			);
			path = Home;
			sourceTree = "<group>";
		};
		A2F2B65F29E033B80074447C /* View */ = {
			isa = PBXGroup;
			children = (
				A2F2B66529E034F50074447C /* HomeViewController.swift */,
				A2228E6429E0CFA2005E6E98 /* Header */,
				A2F2B66A29E03B390074447C /* Cell */,
			);
			path = View;
			sourceTree = "<group>";
		};
		A2F2B66729E0373C0074447C /* Model */ = {
			isa = PBXGroup;
			children = (
				A2F2B66829E0374E0074447C /* Character.swift */,
				A2228E6F29E0E50E005E6E98 /* Location.swift */,
				A2228E7129E0EA86005E6E98 /* Info.swift */,
			);
			path = Model;
			sourceTree = "<group>";
		};
		A2F2B66A29E03B390074447C /* Cell */ = {
			isa = PBXGroup;
			children = (
				A2CEA94229E056CC00A8D180 /* CharacterCollectionViewCell.swift */,
				A2CEA94329E056CC00A8D180 /* CharacterCollectionViewCell.xib */,
				A2228E6B29E0E218005E6E98 /* LocationCollectionViewCell.swift */,
				A2228E6C29E0E218005E6E98 /* LocationCollectionViewCell.xib */,
			);
			path = Cell;
			sourceTree = "<group>";
		};
		A2F2B67429E041D90074447C /* Util */ = {
			isa = PBXGroup;
			children = (
				A2F2B67529E041EB0074447C /* Extension */,
				A2F2B67829E042700074447C /* NibReuseProtocol.swift */,
			);
			path = Util;
			sourceTree = "<group>";
		};
		A2F2B67529E041EB0074447C /* Extension */ = {
			isa = PBXGroup;
			children = (
				A2CEA94929E05BB800A8D180 /* UICollectionView+Extension.swift */,
				A2CEA95029E0AD0900A8D180 /* UIImageView+Extension.swift */,
			);
			path = Extension;
			sourceTree = "<group>";
		};
/* End PBXGroup section */

/* Begin PBXNativeTarget section */
		A2C1B85A29E0293C002CEDFE /* RickAndMortyApp */ = {
			isa = PBXNativeTarget;
			buildConfigurationList = A2C1B86F29E0293D002CEDFE /* Build configuration list for PBXNativeTarget "RickAndMortyApp" */;
			buildPhases = (
				A2C1B85729E0293C002CEDFE /* Sources */,
				A2C1B85829E0293C002CEDFE /* Frameworks */,
				A2C1B85929E0293C002CEDFE /* Resources */,
			);
			buildRules = (
			);
			dependencies = (
			);
			name = RickAndMortyApp;
			productName = RickAndMortyApp;
			productReference = A2C1B85B29E0293C002CEDFE /* RickAndMortyApp.app */;
			productType = "com.apple.product-type.application";
		};
/* End PBXNativeTarget section */

/* Begin PBXProject section */
		A2C1B85329E0293C002CEDFE /* Project object */ = {
			isa = PBXProject;
			attributes = {
				BuildIndependentTargetsInParallel = 1;
				LastSwiftUpdateCheck = 1430;
				LastUpgradeCheck = 1430;
				TargetAttributes = {
					A2C1B85A29E0293C002CEDFE = {
						CreatedOnToolsVersion = 14.3;
					};
				};
			};
			buildConfigurationList = A2C1B85629E0293C002CEDFE /* Build configuration list for PBXProject "RickAndMortyApp" */;
			compatibilityVersion = "Xcode 14.0";
			developmentRegion = en;
			hasScannedForEncodings = 0;
			knownRegions = (
				en,
				Base,
			);
			mainGroup = A2C1B85229E0293C002CEDFE;
			productRefGroup = A2C1B85C29E0293C002CEDFE /* Products */;
			projectDirPath = "";
			projectRoot = "";
			targets = (
				A2C1B85A29E0293C002CEDFE /* RickAndMortyApp */,
			);
		};
/* End PBXProject section */

/* Begin PBXResourcesBuildPhase section */
		A2C1B85929E0293C002CEDFE /* Resources */ = {
			isa = PBXResourcesBuildPhase;
			buildActionMask = 2147483647;
			files = (
				A2228E6829E0CFFC005E6E98 /* LocationHeader.xib in Resources */,
				A2C1B86B29E0293D002CEDFE /* LaunchScreen.storyboard in Resources */,
				A2C1B86829E0293D002CEDFE /* Assets.xcassets in Resources */,
				A2228E6E29E0E218005E6E98 /* LocationCollectionViewCell.xib in Resources */,
				A2CEA94529E056CC00A8D180 /* CharacterCollectionViewCell.xib in Resources */,
				A2C1B86629E0293C002CEDFE /* Main.storyboard in Resources */,
			);
			runOnlyForDeploymentPostprocessing = 0;
		};
/* End PBXResourcesBuildPhase section */

/* Begin PBXSourcesBuildPhase section */
		A2C1B85729E0293C002CEDFE /* Sources */ = {
			isa = PBXSourcesBuildPhase;
			buildActionMask = 2147483647;
			files = (
				A253AC7029E1AE35009716E2 /* CharacterDetailsCoordinator.swift in Sources */,
				A2CEA94F29E060DA00A8D180 /* HomeManager.swift in Sources */,
				A2C1B87A29E02E1D002CEDFE /* Coordinator.swift in Sources */,
				A2228E6D29E0E218005E6E98 /* LocationCollectionViewCell.swift in Sources */,
				A2228E6A29E0D77D005E6E98 /* LocationViewModel.swift in Sources */,
				A2C1B87C29E02E29002CEDFE /* Storyboarded.swift in Sources */,
				A253AC6C29E1ADFB009716E2 /* CharacterDetailsViewModel.swift in Sources */,
				A2C1B88129E02EBA002CEDFE /* NetworkManager.swift in Sources */,
				A2F2B66629E034F50074447C /* HomeViewController.swift in Sources */,
				A2C1B85F29E0293C002CEDFE /* AppDelegate.swift in Sources */,
				A2228E6729E0CFFC005E6E98 /* LocationHeader.swift in Sources */,
				A2CEA94A29E05BB800A8D180 /* UICollectionView+Extension.swift in Sources */,
				A2CEA94429E056CC00A8D180 /* CharacterCollectionViewCell.swift in Sources */,
				A2C1B88329E02F67002CEDFE /* HomeCoordinator.swift in Sources */,
				A2228E7029E0E50E005E6E98 /* Location.swift in Sources */,
				A2CEA94829E05ADE00A8D180 /* HomeViewModel.swift in Sources */,
				A2F2B66929E0374E0074447C /* Character.swift in Sources */,
				A253AC6E29E1AE13009716E2 /* CharacterDetailsViewController.swift in Sources */,
				A2C1B87F29E02E66002CEDFE /* NetworkHelper.swift in Sources */,
				A2C1B86129E0293C002CEDFE /* SceneDelegate.swift in Sources */,
				A2F2B67929E042700074447C /* NibReuseProtocol.swift in Sources */,
				A2CEA95129E0AD0900A8D180 /* UIImageView+Extension.swift in Sources */,
				A2CEA94D29E0600E00A8D180 /* HomeHelper.swift in Sources */,
				A2228E7229E0EA86005E6E98 /* Info.swift in Sources */,
			);
			runOnlyForDeploymentPostprocessing = 0;
		};
/* End PBXSourcesBuildPhase section */

/* Begin PBXVariantGroup section */
		A2C1B86429E0293C002CEDFE /* Main.storyboard */ = {
			isa = PBXVariantGroup;
			children = (
				A2C1B86529E0293C002CEDFE /* Base */,
			);
			name = Main.storyboard;
			sourceTree = "<group>";
		};
		A2C1B86929E0293D002CEDFE /* LaunchScreen.storyboard */ = {
			isa = PBXVariantGroup;
			children = (
				A2C1B86A29E0293D002CEDFE /* Base */,
			);
			name = LaunchScreen.storyboard;
			sourceTree = "<group>";
		};
/* End PBXVariantGroup section */

/* Begin XCBuildConfiguration section */
		A2C1B86D29E0293D002CEDFE /* Debug */ = {
			isa = XCBuildConfiguration;
			buildSettings = {
				ALWAYS_SEARCH_USER_PATHS = NO;
				CLANG_ANALYZER_NONNULL = YES;
				CLANG_ANALYZER_NUMBER_OBJECT_CONVERSION = YES_AGGRESSIVE;
				CLANG_CXX_LANGUAGE_STANDARD = "gnu++20";
				CLANG_ENABLE_MODULES = YES;
				CLANG_ENABLE_OBJC_ARC = YES;
				CLANG_ENABLE_OBJC_WEAK = YES;
				CLANG_WARN_BLOCK_CAPTURE_AUTORELEASING = YES;
				CLANG_WARN_BOOL_CONVERSION = YES;
				CLANG_WARN_COMMA = YES;
				CLANG_WARN_CONSTANT_CONVERSION = YES;
				CLANG_WARN_DEPRECATED_OBJC_IMPLEMENTATIONS = YES;
				CLANG_WARN_DIRECT_OBJC_ISA_USAGE = YES_ERROR;
				CLANG_WARN_DOCUMENTATION_COMMENTS = YES;
				CLANG_WARN_EMPTY_BODY = YES;
				CLANG_WARN_ENUM_CONVERSION = YES;
				CLANG_WARN_INFINITE_RECURSION = YES;
				CLANG_WARN_INT_CONVERSION = YES;
				CLANG_WARN_NON_LITERAL_NULL_CONVERSION = YES;
				CLANG_WARN_OBJC_IMPLICIT_RETAIN_SELF = YES;
				CLANG_WARN_OBJC_LITERAL_CONVERSION = YES;
				CLANG_WARN_OBJC_ROOT_CLASS = YES_ERROR;
				CLANG_WARN_QUOTED_INCLUDE_IN_FRAMEWORK_HEADER = YES;
				CLANG_WARN_RANGE_LOOP_ANALYSIS = YES;
				CLANG_WARN_STRICT_PROTOTYPES = YES;
				CLANG_WARN_SUSPICIOUS_MOVE = YES;
				CLANG_WARN_UNGUARDED_AVAILABILITY = YES_AGGRESSIVE;
				CLANG_WARN_UNREACHABLE_CODE = YES;
				CLANG_WARN__DUPLICATE_METHOD_MATCH = YES;
				COPY_PHASE_STRIP = NO;
				DEBUG_INFORMATION_FORMAT = dwarf;
				ENABLE_STRICT_OBJC_MSGSEND = YES;
				ENABLE_TESTABILITY = YES;
				GCC_C_LANGUAGE_STANDARD = gnu11;
				GCC_DYNAMIC_NO_PIC = NO;
				GCC_NO_COMMON_BLOCKS = YES;
				GCC_OPTIMIZATION_LEVEL = 0;
				GCC_PREPROCESSOR_DEFINITIONS = (
					"DEBUG=1",
					"$(inherited)",
				);
				GCC_WARN_64_TO_32_BIT_CONVERSION = YES;
				GCC_WARN_ABOUT_RETURN_TYPE = YES_ERROR;
				GCC_WARN_UNDECLARED_SELECTOR = YES;
				GCC_WARN_UNINITIALIZED_AUTOS = YES_AGGRESSIVE;
				GCC_WARN_UNUSED_FUNCTION = YES;
				GCC_WARN_UNUSED_VARIABLE = YES;
				IPHONEOS_DEPLOYMENT_TARGET = 16.4;
				MTL_ENABLE_DEBUG_INFO = INCLUDE_SOURCE;
				MTL_FAST_MATH = YES;
				ONLY_ACTIVE_ARCH = YES;
				SDKROOT = iphoneos;
				SWIFT_ACTIVE_COMPILATION_CONDITIONS = DEBUG;
				SWIFT_OPTIMIZATION_LEVEL = "-Onone";
			};
			name = Debug;
		};
		A2C1B86E29E0293D002CEDFE /* Release */ = {
			isa = XCBuildConfiguration;
			buildSettings = {
				ALWAYS_SEARCH_USER_PATHS = NO;
				CLANG_ANALYZER_NONNULL = YES;
				CLANG_ANALYZER_NUMBER_OBJECT_CONVERSION = YES_AGGRESSIVE;
				CLANG_CXX_LANGUAGE_STANDARD = "gnu++20";
				CLANG_ENABLE_MODULES = YES;
				CLANG_ENABLE_OBJC_ARC = YES;
				CLANG_ENABLE_OBJC_WEAK = YES;
				CLANG_WARN_BLOCK_CAPTURE_AUTORELEASING = YES;
				CLANG_WARN_BOOL_CONVERSION = YES;
				CLANG_WARN_COMMA = YES;
				CLANG_WARN_CONSTANT_CONVERSION = YES;
				CLANG_WARN_DEPRECATED_OBJC_IMPLEMENTATIONS = YES;
				CLANG_WARN_DIRECT_OBJC_ISA_USAGE = YES_ERROR;
				CLANG_WARN_DOCUMENTATION_COMMENTS = YES;
				CLANG_WARN_EMPTY_BODY = YES;
				CLANG_WARN_ENUM_CONVERSION = YES;
				CLANG_WARN_INFINITE_RECURSION = YES;
				CLANG_WARN_INT_CONVERSION = YES;
				CLANG_WARN_NON_LITERAL_NULL_CONVERSION = YES;
				CLANG_WARN_OBJC_IMPLICIT_RETAIN_SELF = YES;
				CLANG_WARN_OBJC_LITERAL_CONVERSION = YES;
				CLANG_WARN_OBJC_ROOT_CLASS = YES_ERROR;
				CLANG_WARN_QUOTED_INCLUDE_IN_FRAMEWORK_HEADER = YES;
				CLANG_WARN_RANGE_LOOP_ANALYSIS = YES;
				CLANG_WARN_STRICT_PROTOTYPES = YES;
				CLANG_WARN_SUSPICIOUS_MOVE = YES;
				CLANG_WARN_UNGUARDED_AVAILABILITY = YES_AGGRESSIVE;
				CLANG_WARN_UNREACHABLE_CODE = YES;
				CLANG_WARN__DUPLICATE_METHOD_MATCH = YES;
				COPY_PHASE_STRIP = NO;
				DEBUG_INFORMATION_FORMAT = "dwarf-with-dsym";
				ENABLE_NS_ASSERTIONS = NO;
				ENABLE_STRICT_OBJC_MSGSEND = YES;
				GCC_C_LANGUAGE_STANDARD = gnu11;
				GCC_NO_COMMON_BLOCKS = YES;
				GCC_WARN_64_TO_32_BIT_CONVERSION = YES;
				GCC_WARN_ABOUT_RETURN_TYPE = YES_ERROR;
				GCC_WARN_UNDECLARED_SELECTOR = YES;
				GCC_WARN_UNINITIALIZED_AUTOS = YES_AGGRESSIVE;
				GCC_WARN_UNUSED_FUNCTION = YES;
				GCC_WARN_UNUSED_VARIABLE = YES;
				IPHONEOS_DEPLOYMENT_TARGET = 16.4;
				MTL_ENABLE_DEBUG_INFO = NO;
				MTL_FAST_MATH = YES;
				SDKROOT = iphoneos;
				SWIFT_COMPILATION_MODE = wholemodule;
				SWIFT_OPTIMIZATION_LEVEL = "-O";
				VALIDATE_PRODUCT = YES;
			};
			name = Release;
		};
		A2C1B87029E0293D002CEDFE /* Debug */ = {
			isa = XCBuildConfiguration;
			buildSettings = {
				ASSETCATALOG_COMPILER_APPICON_NAME = AppIcon;
				ASSETCATALOG_COMPILER_GLOBAL_ACCENT_COLOR_NAME = AccentColor;
				CODE_SIGN_STYLE = Automatic;
				CURRENT_PROJECT_VERSION = 1;
				DEVELOPMENT_TEAM = H3L57XFNX5;
				GENERATE_INFOPLIST_FILE = YES;
				INFOPLIST_FILE = RickAndMortyApp/Info.plist;
				INFOPLIST_KEY_UIApplicationSupportsIndirectInputEvents = YES;
				INFOPLIST_KEY_UILaunchStoryboardName = LaunchScreen;
				INFOPLIST_KEY_UIMainStoryboardFile = Main;
				INFOPLIST_KEY_UISupportedInterfaceOrientations_iPad = "UIInterfaceOrientationPortrait UIInterfaceOrientationPortraitUpsideDown UIInterfaceOrientationLandscapeLeft UIInterfaceOrientationLandscapeRight";
				INFOPLIST_KEY_UISupportedInterfaceOrientations_iPhone = "UIInterfaceOrientationPortrait UIInterfaceOrientationLandscapeLeft UIInterfaceOrientationLandscapeRight";
				LD_RUNPATH_SEARCH_PATHS = (
					"$(inherited)",
					"@executable_path/Frameworks",
				);
				MARKETING_VERSION = 1.0;
				PRODUCT_BUNDLE_IDENTIFIER = com.hakantekir.RickAndMortyApp;
				PRODUCT_NAME = "$(TARGET_NAME)";
				SWIFT_EMIT_LOC_STRINGS = YES;
				SWIFT_VERSION = 5.0;
				TARGETED_DEVICE_FAMILY = "1,2";
			};
			name = Debug;
		};
		A2C1B87129E0293D002CEDFE /* Release */ = {
			isa = XCBuildConfiguration;
			buildSettings = {
				ASSETCATALOG_COMPILER_APPICON_NAME = AppIcon;
				ASSETCATALOG_COMPILER_GLOBAL_ACCENT_COLOR_NAME = AccentColor;
				CODE_SIGN_STYLE = Automatic;
				CURRENT_PROJECT_VERSION = 1;
				DEVELOPMENT_TEAM = H3L57XFNX5;
				GENERATE_INFOPLIST_FILE = YES;
				INFOPLIST_FILE = RickAndMortyApp/Info.plist;
				INFOPLIST_KEY_UIApplicationSupportsIndirectInputEvents = YES;
				INFOPLIST_KEY_UILaunchStoryboardName = LaunchScreen;
				INFOPLIST_KEY_UIMainStoryboardFile = Main;
				INFOPLIST_KEY_UISupportedInterfaceOrientations_iPad = "UIInterfaceOrientationPortrait UIInterfaceOrientationPortraitUpsideDown UIInterfaceOrientationLandscapeLeft UIInterfaceOrientationLandscapeRight";
				INFOPLIST_KEY_UISupportedInterfaceOrientations_iPhone = "UIInterfaceOrientationPortrait UIInterfaceOrientationLandscapeLeft UIInterfaceOrientationLandscapeRight";
				LD_RUNPATH_SEARCH_PATHS = (
					"$(inherited)",
					"@executable_path/Frameworks",
				);
				MARKETING_VERSION = 1.0;
				PRODUCT_BUNDLE_IDENTIFIER = com.hakantekir.RickAndMortyApp;
				PRODUCT_NAME = "$(TARGET_NAME)";
				SWIFT_EMIT_LOC_STRINGS = YES;
				SWIFT_VERSION = 5.0;
				TARGETED_DEVICE_FAMILY = "1,2";
			};
			name = Release;
		};
/* End XCBuildConfiguration section */

/* Begin XCConfigurationList section */
		A2C1B85629E0293C002CEDFE /* Build configuration list for PBXProject "RickAndMortyApp" */ = {
			isa = XCConfigurationList;
			buildConfigurations = (
				A2C1B86D29E0293D002CEDFE /* Debug */,
				A2C1B86E29E0293D002CEDFE /* Release */,
			);
			defaultConfigurationIsVisible = 0;
			defaultConfigurationName = Release;
		};
		A2C1B86F29E0293D002CEDFE /* Build configuration list for PBXNativeTarget "RickAndMortyApp" */ = {
			isa = XCConfigurationList;
			buildConfigurations = (
				A2C1B87029E0293D002CEDFE /* Debug */,
				A2C1B87129E0293D002CEDFE /* Release */,
			);
			defaultConfigurationIsVisible = 0;
			defaultConfigurationName = Release;
		};
/* End XCConfigurationList section */
	};
	rootObject = A2C1B85329E0293C002CEDFE /* Project object */;
}
